PODS:
  - FTPopOverMenu_Swift (0.0.5)
  - MBCircularProgressBar (0.3.5)
  - SDWebImage (3.8.2):
    - SDWebImage/Core (= 3.8.2)
  - SDWebImage/Core (3.8.2)

DEPENDENCIES:
  - FTPopOverMenu_Swift
  - MBCircularProgressBar
  - SDWebImage

SPEC CHECKSUMS:
  FTPopOverMenu_Swift: f581b9778bd084b7fbcb0acad0ded653be4bd09c
  MBCircularProgressBar: 0b795b722a5eb5b0923822f90474e2576a1a7855
  SDWebImage: '098e97e6176540799c27e804c96653ee0833d13c'

PODFILE CHECKSUM: 044ef7f3d048440bfece4585fd5657f9191a3869

COCOAPODS: 1.1.1
